
Microsoft Visual Studio Solution File, Format Version 12.00
# Visual Studio Version 16
VisualStudioVersion = 16.0.31911.196
MinimumVisualStudioVersion = 10.0.40219.1
Project("{FAE04EC0-301F-11D3-BF4B-00C04F79EFBC}") = "XeniaPatchUI", "XeniaPatchUI.csproj", "{2981CE68-9A9A-421A-8E19-B3B79926C5A9}"
EndProject
Global
	GlobalSection(SolutionConfigurationPlatforms) = preSolution
		Debug|Any CPU = Debug|Any CPU
		Release|Any CPU = Release|Any CPU
	EndGlobalSection
	GlobalSection(ProjectConfigurationPlatforms) = postSolution
		{2981CE68-9A9A-421A-8E19-B3B79926C5A9}.Debug|Any CPU.ActiveCfg = Debug|Any CPU
		{2981CE68-9A9A-421A-8E19-B3B79926C5A9}.Debug|Any CPU.Build.0 = Debug|Any CPU
		{2981CE68-9A9A-421A-8E19-B3B79926C5A9}.Release|Any CPU.ActiveCfg = Release|Any CPU
		{2981CE68-9A9A-421A-8E19-B3B79926C5A9}.Release|Any CPU.Build.0 = Release|Any CPU
	EndGlobalSection
	GlobalSection(SolutionProperties) = preSolution
		HideSolutionNode = FALSE
	EndGlobalSection
	GlobalSection(ExtensibilityGlobals) = postSolution
		SolutionGuid = {16637896-A9DA-43B4-AD28-9AE56E8D2A76}
	EndGlobalSection
EndGlobal
